
Microsoft Visual Studio Solution File, Format Version 12.00
# Visual Studio Version 17
VisualStudioVersion = 17.7.34009.444
MinimumVisualStudioVersion = 10.0.40219.1
Project("{FAE04EC0-301F-11D3-BF4B-00C04F79EFBC}") = "AsociacionesPOO", "AsociacionesPOO\AsociacionesPOO.csproj", "{EF64622D-BD63-4FFC-BEB0-A734572CF8AE}"
EndProject
Global
	GlobalSection(SolutionConfigurationPlatforms) = preSolution
		Debug|Any CPU = Debug|Any CPU
		Release|Any CPU = Release|Any CPU
	EndGlobalSection
	GlobalSection(ProjectConfigurationPlatforms) = postSolution
		{EF64622D-BD63-4FFC-BEB0-A734572CF8AE}.Debug|Any CPU.ActiveCfg = Debug|Any CPU
		{EF64622D-BD63-4FFC-BEB0-A734572CF8AE}.Debug|Any CPU.Build.0 = Debug|Any CPU
		{EF64622D-BD63-4FFC-BEB0-A734572CF8AE}.Release|Any CPU.ActiveCfg = Release|Any CPU
		{EF64622D-BD63-4FFC-BEB0-A734572CF8AE}.Release|Any CPU.Build.0 = Release|Any CPU
	EndGlobalSection
	GlobalSection(SolutionProperties) = preSolution
		HideSolutionNode = FALSE
	EndGlobalSection
	GlobalSection(ExtensibilityGlobals) = postSolution
		SolutionGuid = {CF03384C-7149-45A8-B6F6-9C5865E04124}
	EndGlobalSection
EndGlobal
